// !$*UTF8*$!
{
	archiveVersion = 1;
	classes = {
	};
	objectVersion = 50;
	objects = {

/* Begin PBXBuildFile section */
		2C35093226CB3F3B00A32802 /* AppDelegate.swift in Sources */ = {isa = PBXBuildFile; fileRef = 2C35093126CB3F3B00A32802 /* AppDelegate.swift */; };
		2C35093426CB3F3B00A32802 /* SceneDelegate.swift in Sources */ = {isa = PBXBuildFile; fileRef = 2C35093326CB3F3B00A32802 /* SceneDelegate.swift */; };
		2C35093626CB3F3B00A32802 /* ViewController.swift in Sources */ = {isa = PBXBuildFile; fileRef = 2C35093526CB3F3B00A32802 /* ViewController.swift */; };
		2C35093926CB3F3B00A32802 /* Main.storyboard in Resources */ = {isa = PBXBuildFile; fileRef = 2C35093726CB3F3B00A32802 /* Main.storyboard */; };
		2C35093B26CB3F3C00A32802 /* Assets.xcassets in Resources */ = {isa = PBXBuildFile; fileRef = 2C35093A26CB3F3C00A32802 /* Assets.xcassets */; };
		2C35093E26CB3F3C00A32802 /* LaunchScreen.storyboard in Resources */ = {isa = PBXBuildFile; fileRef = 2C35093C26CB3F3C00A32802 /* LaunchScreen.storyboard */; };
		2C35095426CB3F3D00A32802 /* ConvertidorTemperaturaUITests.swift in Sources */ = {isa = PBXBuildFile; fileRef = 2C35095326CB3F3D00A32802 /* ConvertidorTemperaturaUITests.swift */; };
		2CF4DB6026CDDFD1009FAEA1 /* Temperature.swift in Sources */ = {isa = PBXBuildFile; fileRef = 2CF4DB5F26CDDFD1009FAEA1 /* Temperature.swift */; };
		2CF4DB6926CDE250009FAEA1 /* TemperatureConverter.swift in Sources */ = {isa = PBXBuildFile; fileRef = 2CF4DB6826CDE250009FAEA1 /* TemperatureConverter.swift */; };
		2CF4DB7126CDE3E5009FAEA1 /* TemperatureConverterTests.swift in Sources */ = {isa = PBXBuildFile; fileRef = 2CF4DB7026CDE3E5009FAEA1 /* TemperatureConverterTests.swift */; };
/* End PBXBuildFile section */

/* Begin PBXContainerItemProxy section */
		2C35094526CB3F3D00A32802 /* PBXContainerItemProxy */ = {
			isa = PBXContainerItemProxy;
			containerPortal = 2C35092626CB3F3B00A32802 /* Project object */;
			proxyType = 1;
			remoteGlobalIDString = 2C35092D26CB3F3B00A32802;
			remoteInfo = ConvertidorTemperatura;
		};
		2C35095026CB3F3D00A32802 /* PBXContainerItemProxy */ = {
			isa = PBXContainerItemProxy;
			containerPortal = 2C35092626CB3F3B00A32802 /* Project object */;
			proxyType = 1;
			remoteGlobalIDString = 2C35092D26CB3F3B00A32802;
			remoteInfo = ConvertidorTemperatura;
		};
/* End PBXContainerItemProxy section */

/* Begin PBXFileReference section */
		2C35092E26CB3F3B00A32802 /* ConvertidorTemperatura.app */ = {isa = PBXFileReference; explicitFileType = wrapper.application; includeInIndex = 0; path = ConvertidorTemperatura.app; sourceTree = BUILT_PRODUCTS_DIR; };
		2C35093126CB3F3B00A32802 /* AppDelegate.swift */ = {isa = PBXFileReference; lastKnownFileType = sourcecode.swift; path = AppDelegate.swift; sourceTree = "<group>"; };
		2C35093326CB3F3B00A32802 /* SceneDelegate.swift */ = {isa = PBXFileReference; lastKnownFileType = sourcecode.swift; path = SceneDelegate.swift; sourceTree = "<group>"; };
		2C35093526CB3F3B00A32802 /* ViewController.swift */ = {isa = PBXFileReference; lastKnownFileType = sourcecode.swift; path = ViewController.swift; sourceTree = "<group>"; };
		2C35093826CB3F3B00A32802 /* Base */ = {isa = PBXFileReference; lastKnownFileType = file.storyboard; name = Base; path = Base.lproj/Main.storyboard; sourceTree = "<group>"; };
		2C35093A26CB3F3C00A32802 /* Assets.xcassets */ = {isa = PBXFileReference; lastKnownFileType = folder.assetcatalog; path = Assets.xcassets; sourceTree = "<group>"; };
		2C35093D26CB3F3C00A32802 /* Base */ = {isa = PBXFileReference; lastKnownFileType = file.storyboard; name = Base; path = Base.lproj/LaunchScreen.storyboard; sourceTree = "<group>"; };
		2C35093F26CB3F3C00A32802 /* Info.plist */ = {isa = PBXFileReference; lastKnownFileType = text.plist.xml; path = Info.plist; sourceTree = "<group>"; };
		2C35094426CB3F3D00A32802 /* ConvertidorTemperaturaTests.xctest */ = {isa = PBXFileReference; explicitFileType = wrapper.cfbundle; includeInIndex = 0; path = ConvertidorTemperaturaTests.xctest; sourceTree = BUILT_PRODUCTS_DIR; };
		2C35094A26CB3F3D00A32802 /* Info.plist */ = {isa = PBXFileReference; lastKnownFileType = text.plist.xml; path = Info.plist; sourceTree = "<group>"; };
		2C35094F26CB3F3D00A32802 /* ConvertidorTemperaturaUITests.xctest */ = {isa = PBXFileReference; explicitFileType = wrapper.cfbundle; includeInIndex = 0; path = ConvertidorTemperaturaUITests.xctest; sourceTree = BUILT_PRODUCTS_DIR; };
		2C35095326CB3F3D00A32802 /* ConvertidorTemperaturaUITests.swift */ = {isa = PBXFileReference; lastKnownFileType = sourcecode.swift; path = ConvertidorTemperaturaUITests.swift; sourceTree = "<group>"; };
		2C35095526CB3F3D00A32802 /* Info.plist */ = {isa = PBXFileReference; lastKnownFileType = text.plist.xml; path = Info.plist; sourceTree = "<group>"; };
		2CF4DB5F26CDDFD1009FAEA1 /* Temperature.swift */ = {isa = PBXFileReference; lastKnownFileType = sourcecode.swift; path = Temperature.swift; sourceTree = "<group>"; };
		2CF4DB6826CDE250009FAEA1 /* TemperatureConverter.swift */ = {isa = PBXFileReference; lastKnownFileType = sourcecode.swift; path = TemperatureConverter.swift; sourceTree = "<group>"; };
		2CF4DB7026CDE3E5009FAEA1 /* TemperatureConverterTests.swift */ = {isa = PBXFileReference; lastKnownFileType = sourcecode.swift; path = TemperatureConverterTests.swift; sourceTree = "<group>"; };
/* End PBXFileReference section */

/* Begin PBXFrameworksBuildPhase section */
		2C35092B26CB3F3B00A32802 /* Frameworks */ = {
			isa = PBXFrameworksBuildPhase;
			buildActionMask = 2147483647;
			files = (
			);
			runOnlyForDeploymentPostprocessing = 0;
		};
		2C35094126CB3F3D00A32802 /* Frameworks */ = {
			isa = PBXFrameworksBuildPhase;
			buildActionMask = 2147483647;
			files = (
			);
			runOnlyForDeploymentPostprocessing = 0;
		};
		2C35094C26CB3F3D00A32802 /* Frameworks */ = {
			isa = PBXFrameworksBuildPhase;
			buildActionMask = 2147483647;
			files = (
			);
			runOnlyForDeploymentPostprocessing = 0;
		};
/* End PBXFrameworksBuildPhase section */

/* Begin PBXGroup section */
		2C35092526CB3F3B00A32802 = {
			isa = PBXGroup;
			children = (
				2C35093026CB3F3B00A32802 /* ConvertidorTemperatura */,
				2C35094726CB3F3D00A32802 /* ConvertidorTemperaturaTests */,
				2C35095226CB3F3D00A32802 /* ConvertidorTemperaturaUITests */,
				2C35092F26CB3F3B00A32802 /* Products */,
			);
			sourceTree = "<group>";
		};
		2C35092F26CB3F3B00A32802 /* Products */ = {
			isa = PBXGroup;
			children = (
				2C35092E26CB3F3B00A32802 /* ConvertidorTemperatura.app */,
				2C35094426CB3F3D00A32802 /* ConvertidorTemperaturaTests.xctest */,
				2C35094F26CB3F3D00A32802 /* ConvertidorTemperaturaUITests.xctest */,
			);
			name = Products;
			sourceTree = "<group>";
		};
		2C35093026CB3F3B00A32802 /* ConvertidorTemperatura */ = {
			isa = PBXGroup;
			children = (
				2CF4DB5D26CDDF27009FAEA1 /* Model */,
				2C35093126CB3F3B00A32802 /* AppDelegate.swift */,
				2C35093326CB3F3B00A32802 /* SceneDelegate.swift */,
				2C35093526CB3F3B00A32802 /* ViewController.swift */,
				2C35093726CB3F3B00A32802 /* Main.storyboard */,
				2C35093A26CB3F3C00A32802 /* Assets.xcassets */,
				2C35093C26CB3F3C00A32802 /* LaunchScreen.storyboard */,
				2C35093F26CB3F3C00A32802 /* Info.plist */,
			);
			path = ConvertidorTemperatura;
			sourceTree = "<group>";
		};
		2C35094726CB3F3D00A32802 /* ConvertidorTemperaturaTests */ = {
			isa = PBXGroup;
			children = (
				2C35094A26CB3F3D00A32802 /* Info.plist */,
				2CF4DB7026CDE3E5009FAEA1 /* TemperatureConverterTests.swift */,
			);
			path = ConvertidorTemperaturaTests;
			sourceTree = "<group>";
		};
		2C35095226CB3F3D00A32802 /* ConvertidorTemperaturaUITests */ = {
			isa = PBXGroup;
			children = (
				2C35095326CB3F3D00A32802 /* ConvertidorTemperaturaUITests.swift */,
				2C35095526CB3F3D00A32802 /* Info.plist */,
			);
			path = ConvertidorTemperaturaUITests;
			sourceTree = "<group>";
		};
		2CF4DB5D26CDDF27009FAEA1 /* Model */ = {
			isa = PBXGroup;
			children = (
				2CF4DB6726CDE226009FAEA1 /* Tools */,
				2CF4DB5E26CDDF3D009FAEA1 /* ValueObject */,
			);
			path = Model;
			sourceTree = "<group>";
		};
		2CF4DB5E26CDDF3D009FAEA1 /* ValueObject */ = {
			isa = PBXGroup;
			children = (
				2CF4DB5F26CDDFD1009FAEA1 /* Temperature.swift */,
			);
			path = ValueObject;
			sourceTree = "<group>";
		};
		2CF4DB6726CDE226009FAEA1 /* Tools */ = {
			isa = PBXGroup;
			children = (
				2CF4DB6826CDE250009FAEA1 /* TemperatureConverter.swift */,
			);
			path = Tools;
			sourceTree = "<group>";
		};
/* End PBXGroup section */

/* Begin PBXNativeTarget section */
		2C35092D26CB3F3B00A32802 /* ConvertidorTemperatura */ = {
			isa = PBXNativeTarget;
			buildConfigurationList = 2C35095826CB3F3D00A32802 /* Build configuration list for PBXNativeTarget "ConvertidorTemperatura" */;
			buildPhases = (
				2C35092A26CB3F3B00A32802 /* Sources */,
				2C35092B26CB3F3B00A32802 /* Frameworks */,
				2C35092C26CB3F3B00A32802 /* Resources */,
			);
			buildRules = (
			);
			dependencies = (
			);
			name = ConvertidorTemperatura;
			productName = ConvertidorTemperatura;
			productReference = 2C35092E26CB3F3B00A32802 /* ConvertidorTemperatura.app */;
			productType = "com.apple.product-type.application";
		};
		2C35094326CB3F3D00A32802 /* ConvertidorTemperaturaTests */ = {
			isa = PBXNativeTarget;
			buildConfigurationList = 2C35095B26CB3F3D00A32802 /* Build configuration list for PBXNativeTarget "ConvertidorTemperaturaTests" */;
			buildPhases = (
				2C35094026CB3F3D00A32802 /* Sources */,
				2C35094126CB3F3D00A32802 /* Frameworks */,
				2C35094226CB3F3D00A32802 /* Resources */,
			);
			buildRules = (
			);
			dependencies = (
				2C35094626CB3F3D00A32802 /* PBXTargetDependency */,
			);
			name = ConvertidorTemperaturaTests;
			productName = ConvertidorTemperaturaTests;
			productReference = 2C35094426CB3F3D00A32802 /* ConvertidorTemperaturaTests.xctest */;
			productType = "com.apple.product-type.bundle.unit-test";
		};
		2C35094E26CB3F3D00A32802 /* ConvertidorTemperaturaUITests */ = {
			isa = PBXNativeTarget;
			buildConfigurationList = 2C35095E26CB3F3D00A32802 /* Build configuration list for PBXNativeTarget "ConvertidorTemperaturaUITests" */;
			buildPhases = (
				2C35094B26CB3F3D00A32802 /* Sources */,
				2C35094C26CB3F3D00A32802 /* Frameworks */,
				2C35094D26CB3F3D00A32802 /* Resources */,
			);
			buildRules = (
			);
			dependencies = (
				2C35095126CB3F3D00A32802 /* PBXTargetDependency */,
			);
			name = ConvertidorTemperaturaUITests;
			productName = ConvertidorTemperaturaUITests;
			productReference = 2C35094F26CB3F3D00A32802 /* ConvertidorTemperaturaUITests.xctest */;
			productType = "com.apple.product-type.bundle.ui-testing";
		};
/* End PBXNativeTarget section */

/* Begin PBXProject section */
		2C35092626CB3F3B00A32802 /* Project object */ = {
			isa = PBXProject;
			attributes = {
				LastSwiftUpdateCheck = 1240;
				LastUpgradeCheck = 1240;
				TargetAttributes = {
					2C35092D26CB3F3B00A32802 = {
						CreatedOnToolsVersion = 12.4;
					};
					2C35094326CB3F3D00A32802 = {
						CreatedOnToolsVersion = 12.4;
						TestTargetID = 2C35092D26CB3F3B00A32802;
					};
					2C35094E26CB3F3D00A32802 = {
						CreatedOnToolsVersion = 12.4;
						TestTargetID = 2C35092D26CB3F3B00A32802;
					};
				};
			};
			buildConfigurationList = 2C35092926CB3F3B00A32802 /* Build configuration list for PBXProject "ConvertidorTemperatura" */;
			compatibilityVersion = "Xcode 9.3";
			developmentRegion = en;
			hasScannedForEncodings = 0;
			knownRegions = (
				en,
				Base,
			);
			mainGroup = 2C35092526CB3F3B00A32802;
			productRefGroup = 2C35092F26CB3F3B00A32802 /* Products */;
			projectDirPath = "";
			projectRoot = "";
			targets = (
				2C35092D26CB3F3B00A32802 /* ConvertidorTemperatura */,
				2C35094326CB3F3D00A32802 /* ConvertidorTemperaturaTests */,
				2C35094E26CB3F3D00A32802 /* ConvertidorTemperaturaUITests */,
			);
		};
/* End PBXProject section */

/* Begin PBXResourcesBuildPhase section */
		2C35092C26CB3F3B00A32802 /* Resources */ = {
			isa = PBXResourcesBuildPhase;
			buildActionMask = 2147483647;
			files = (
				2C35093E26CB3F3C00A32802 /* LaunchScreen.storyboard in Resources */,
				2C35093B26CB3F3C00A32802 /* Assets.xcassets in Resources */,
				2C35093926CB3F3B00A32802 /* Main.storyboard in Resources */,
			);
			runOnlyForDeploymentPostprocessing = 0;
		};
		2C35094226CB3F3D00A32802 /* Resources */ = {
			isa = PBXResourcesBuildPhase;
			buildActionMask = 2147483647;
			files = (
			);
			runOnlyForDeploymentPostprocessing = 0;
		};
		2C35094D26CB3F3D00A32802 /* Resources */ = {
			isa = PBXResourcesBuildPhase;
			buildActionMask = 2147483647;
			files = (
			);
			runOnlyForDeploymentPostprocessing = 0;
		};
/* End PBXResourcesBuildPhase section */

/* Begin PBXSourcesBuildPhase section */
		2C35092A26CB3F3B00A32802 /* Sources */ = {
			isa = PBXSourcesBuildPhase;
			buildActionMask = 2147483647;
			files = (
				2CF4DB6926CDE250009FAEA1 /* TemperatureConverter.swift in Sources */,
				2C35093626CB3F3B00A32802 /* ViewController.swift in Sources */,
				2C35093226CB3F3B00A32802 /* AppDelegate.swift in Sources */,
				2CF4DB6026CDDFD1009FAEA1 /* Temperature.swift in Sources */,
				2C35093426CB3F3B00A32802 /* SceneDelegate.swift in Sources */,
			);
			runOnlyForDeploymentPostprocessing = 0;
		};
		2C35094026CB3F3D00A32802 /* Sources */ = {
			isa = PBXSourcesBuildPhase;
			buildActionMask = 2147483647;
			files = (
				2CF4DB7126CDE3E5009FAEA1 /* TemperatureConverterTests.swift in Sources */,
			);
			runOnlyForDeploymentPostprocessing = 0;
		};
		2C35094B26CB3F3D00A32802 /* Sources */ = {
			isa = PBXSourcesBuildPhase;
			buildActionMask = 2147483647;
			files = (
				2C35095426CB3F3D00A32802 /* ConvertidorTemperaturaUITests.swift in Sources */,
			);
			runOnlyForDeploymentPostprocessing = 0;
		};
/* End PBXSourcesBuildPhase section */

/* Begin PBXTargetDependency section */
		2C35094626CB3F3D00A32802 /* PBXTargetDependency */ = {
			isa = PBXTargetDependency;
			target = 2C35092D26CB3F3B00A32802 /* ConvertidorTemperatura */;
			targetProxy = 2C35094526CB3F3D00A32802 /* PBXContainerItemProxy */;
		};
		2C35095126CB3F3D00A32802 /* PBXTargetDependency */ = {
			isa = PBXTargetDependency;
			target = 2C35092D26CB3F3B00A32802 /* ConvertidorTemperatura */;
			targetProxy = 2C35095026CB3F3D00A32802 /* PBXContainerItemProxy */;
		};
/* End PBXTargetDependency section */

/* Begin PBXVariantGroup section */
		2C35093726CB3F3B00A32802 /* Main.storyboard */ = {
			isa = PBXVariantGroup;
			children = (
				2C35093826CB3F3B00A32802 /* Base */,
			);
			name = Main.storyboard;
			sourceTree = "<group>";
		};
		2C35093C26CB3F3C00A32802 /* LaunchScreen.storyboard */ = {
			isa = PBXVariantGroup;
			children = (
				2C35093D26CB3F3C00A32802 /* Base */,
			);
			name = LaunchScreen.storyboard;
			sourceTree = "<group>";
		};
/* End PBXVariantGroup section */

/* Begin XCBuildConfiguration section */
		2C35095626CB3F3D00A32802 /* Debug */ = {
			isa = XCBuildConfiguration;
			buildSettings = {
				ALWAYS_SEARCH_USER_PATHS = NO;
				CLANG_ANALYZER_NONNULL = YES;
				CLANG_ANALYZER_NUMBER_OBJECT_CONVERSION = YES_AGGRESSIVE;
				CLANG_CXX_LANGUAGE_STANDARD = "gnu++14";
				CLANG_CXX_LIBRARY = "libc++";
				CLANG_ENABLE_MODULES = YES;
				CLANG_ENABLE_OBJC_ARC = YES;
				CLANG_ENABLE_OBJC_WEAK = YES;
				CLANG_WARN_BLOCK_CAPTURE_AUTORELEASING = YES;
				CLANG_WARN_BOOL_CONVERSION = YES;
				CLANG_WARN_COMMA = YES;
				CLANG_WARN_CONSTANT_CONVERSION = YES;
				CLANG_WARN_DEPRECATED_OBJC_IMPLEMENTATIONS = YES;
				CLANG_WARN_DIRECT_OBJC_ISA_USAGE = YES_ERROR;
				CLANG_WARN_DOCUMENTATION_COMMENTS = YES;
				CLANG_WARN_EMPTY_BODY = YES;
				CLANG_WARN_ENUM_CONVERSION = YES;
				CLANG_WARN_INFINITE_RECURSION = YES;
				CLANG_WARN_INT_CONVERSION = YES;
				CLANG_WARN_NON_LITERAL_NULL_CONVERSION = YES;
				CLANG_WARN_OBJC_IMPLICIT_RETAIN_SELF = YES;
				CLANG_WARN_OBJC_LITERAL_CONVERSION = YES;
				CLANG_WARN_OBJC_ROOT_CLASS = YES_ERROR;
				CLANG_WARN_QUOTED_INCLUDE_IN_FRAMEWORK_HEADER = YES;
				CLANG_WARN_RANGE_LOOP_ANALYSIS = YES;
				CLANG_WARN_STRICT_PROTOTYPES = YES;
				CLANG_WARN_SUSPICIOUS_MOVE = YES;
				CLANG_WARN_UNGUARDED_AVAILABILITY = YES_AGGRESSIVE;
				CLANG_WARN_UNREACHABLE_CODE = YES;
				CLANG_WARN__DUPLICATE_METHOD_MATCH = YES;
				COPY_PHASE_STRIP = NO;
				DEBUG_INFORMATION_FORMAT = dwarf;
				ENABLE_STRICT_OBJC_MSGSEND = YES;
				ENABLE_TESTABILITY = YES;
				GCC_C_LANGUAGE_STANDARD = gnu11;
				GCC_DYNAMIC_NO_PIC = NO;
				GCC_NO_COMMON_BLOCKS = YES;
				GCC_OPTIMIZATION_LEVEL = 0;
				GCC_PREPROCESSOR_DEFINITIONS = (
					"DEBUG=1",
					"$(inherited)",
				);
				GCC_WARN_64_TO_32_BIT_CONVERSION = YES;
				GCC_WARN_ABOUT_RETURN_TYPE = YES_ERROR;
				GCC_WARN_UNDECLARED_SELECTOR = YES;
				GCC_WARN_UNINITIALIZED_AUTOS = YES_AGGRESSIVE;
				GCC_WARN_UNUSED_FUNCTION = YES;
				GCC_WARN_UNUSED_VARIABLE = YES;
				IPHONEOS_DEPLOYMENT_TARGET = 14.4;
				MTL_ENABLE_DEBUG_INFO = INCLUDE_SOURCE;
				MTL_FAST_MATH = YES;
				ONLY_ACTIVE_ARCH = YES;
				SDKROOT = iphoneos;
				SWIFT_ACTIVE_COMPILATION_CONDITIONS = DEBUG;
				SWIFT_OPTIMIZATION_LEVEL = "-Onone";
			};
			name = Debug;
		};
		2C35095726CB3F3D00A32802 /* Release */ = {
			isa = XCBuildConfiguration;
			buildSettings = {
				ALWAYS_SEARCH_USER_PATHS = NO;
				CLANG_ANALYZER_NONNULL = YES;
				CLANG_ANALYZER_NUMBER_OBJECT_CONVERSION = YES_AGGRESSIVE;
				CLANG_CXX_LANGUAGE_STANDARD = "gnu++14";
				CLANG_CXX_LIBRARY = "libc++";
				CLANG_ENABLE_MODULES = YES;
				CLANG_ENABLE_OBJC_ARC = YES;
				CLANG_ENABLE_OBJC_WEAK = YES;
				CLANG_WARN_BLOCK_CAPTURE_AUTORELEASING = YES;
				CLANG_WARN_BOOL_CONVERSION = YES;
				CLANG_WARN_COMMA = YES;
				CLANG_WARN_CONSTANT_CONVERSION = YES;
				CLANG_WARN_DEPRECATED_OBJC_IMPLEMENTATIONS = YES;
				CLANG_WARN_DIRECT_OBJC_ISA_USAGE = YES_ERROR;
				CLANG_WARN_DOCUMENTATION_COMMENTS = YES;
				CLANG_WARN_EMPTY_BODY = YES;
				CLANG_WARN_ENUM_CONVERSION = YES;
				CLANG_WARN_INFINITE_RECURSION = YES;
				CLANG_WARN_INT_CONVERSION = YES;
				CLANG_WARN_NON_LITERAL_NULL_CONVERSION = YES;
				CLANG_WARN_OBJC_IMPLICIT_RETAIN_SELF = YES;
				CLANG_WARN_OBJC_LITERAL_CONVERSION = YES;
				CLANG_WARN_OBJC_ROOT_CLASS = YES_ERROR;
				CLANG_WARN_QUOTED_INCLUDE_IN_FRAMEWORK_HEADER = YES;
				CLANG_WARN_RANGE_LOOP_ANALYSIS = YES;
				CLANG_WARN_STRICT_PROTOTYPES = YES;
				CLANG_WARN_SUSPICIOUS_MOVE = YES;
				CLANG_WARN_UNGUARDED_AVAILABILITY = YES_AGGRESSIVE;
				CLANG_WARN_UNREACHABLE_CODE = YES;
				CLANG_WARN__DUPLICATE_METHOD_MATCH = YES;
				COPY_PHASE_STRIP = NO;
				DEBUG_INFORMATION_FORMAT = "dwarf-with-dsym";
				ENABLE_NS_ASSERTIONS = NO;
				ENABLE_STRICT_OBJC_MSGSEND = YES;
				GCC_C_LANGUAGE_STANDARD = gnu11;
				GCC_NO_COMMON_BLOCKS = YES;
				GCC_WARN_64_TO_32_BIT_CONVERSION = YES;
				GCC_WARN_ABOUT_RETURN_TYPE = YES_ERROR;
				GCC_WARN_UNDECLARED_SELECTOR = YES;
				GCC_WARN_UNINITIALIZED_AUTOS = YES_AGGRESSIVE;
				GCC_WARN_UNUSED_FUNCTION = YES;
				GCC_WARN_UNUSED_VARIABLE = YES;
				IPHONEOS_DEPLOYMENT_TARGET = 14.4;
				MTL_ENABLE_DEBUG_INFO = NO;
				MTL_FAST_MATH = YES;
				SDKROOT = iphoneos;
				SWIFT_COMPILATION_MODE = wholemodule;
				SWIFT_OPTIMIZATION_LEVEL = "-O";
				VALIDATE_PRODUCT = YES;
			};
			name = Release;
		};
		2C35095926CB3F3D00A32802 /* Debug */ = {
			isa = XCBuildConfiguration;
			buildSettings = {
				ASSETCATALOG_COMPILER_APPICON_NAME = AppIcon;
				ASSETCATALOG_COMPILER_GLOBAL_ACCENT_COLOR_NAME = AccentColor;
				CODE_SIGN_STYLE = Automatic;
				INFOPLIST_FILE = ConvertidorTemperatura/Info.plist;
				LD_RUNPATH_SEARCH_PATHS = (
					"$(inherited)",
					"@executable_path/Frameworks",
				);
				PRODUCT_BUNDLE_IDENTIFIER = mx.tec.tc2007b.lab.ConvertidorTemperatura;
				PRODUCT_NAME = "$(TARGET_NAME)";
				SWIFT_VERSION = 5.0;
				TARGETED_DEVICE_FAMILY = "1,2";
			};
			name = Debug;
		};
		2C35095A26CB3F3D00A32802 /* Release */ = {
			isa = XCBuildConfiguration;
			buildSettings = {
				ASSETCATALOG_COMPILER_APPICON_NAME = AppIcon;
				ASSETCATALOG_COMPILER_GLOBAL_ACCENT_COLOR_NAME = AccentColor;
				CODE_SIGN_STYLE = Automatic;
				INFOPLIST_FILE = ConvertidorTemperatura/Info.plist;
				LD_RUNPATH_SEARCH_PATHS = (
					"$(inherited)",
					"@executable_path/Frameworks",
				);
				PRODUCT_BUNDLE_IDENTIFIER = mx.tec.tc2007b.lab.ConvertidorTemperatura;
				PRODUCT_NAME = "$(TARGET_NAME)";
				SWIFT_VERSION = 5.0;
				TARGETED_DEVICE_FAMILY = "1,2";
			};
			name = Release;
		};
		2C35095C26CB3F3D00A32802 /* Debug */ = {
			isa = XCBuildConfiguration;
			buildSettings = {
				ALWAYS_EMBED_SWIFT_STANDARD_LIBRARIES = YES;
				BUNDLE_LOADER = "$(TEST_HOST)";
				CODE_SIGN_STYLE = Automatic;
				INFOPLIST_FILE = ConvertidorTemperaturaTests/Info.plist;
				IPHONEOS_DEPLOYMENT_TARGET = 14.4;
				LD_RUNPATH_SEARCH_PATHS = (
					"$(inherited)",
					"@executable_path/Frameworks",
					"@loader_path/Frameworks",
				);
				PRODUCT_BUNDLE_IDENTIFIER = mx.tec.tc2007b.lab.ConvertidorTemperaturaTests;
				PRODUCT_NAME = "$(TARGET_NAME)";
				SWIFT_VERSION = 5.0;
				TARGETED_DEVICE_FAMILY = "1,2";
				TEST_HOST = "$(BUILT_PRODUCTS_DIR)/ConvertidorTemperatura.app/ConvertidorTemperatura";
			};
			name = Debug;
		};
		2C35095D26CB3F3D00A32802 /* Release */ = {
			isa = XCBuildConfiguration;
			buildSettings = {
				ALWAYS_EMBED_SWIFT_STANDARD_LIBRARIES = YES;
				BUNDLE_LOADER = "$(TEST_HOST)";
				CODE_SIGN_STYLE = Automatic;
				INFOPLIST_FILE = ConvertidorTemperaturaTests/Info.plist;
				IPHONEOS_DEPLOYMENT_TARGET = 14.4;
				LD_RUNPATH_SEARCH_PATHS = (
					"$(inherited)",
					"@executable_path/Frameworks",
					"@loader_path/Frameworks",
				);
				PRODUCT_BUNDLE_IDENTIFIER = mx.tec.tc2007b.lab.ConvertidorTemperaturaTests;
				PRODUCT_NAME = "$(TARGET_NAME)";
				SWIFT_VERSION = 5.0;
				TARGETED_DEVICE_FAMILY = "1,2";
				TEST_HOST = "$(BUILT_PRODUCTS_DIR)/ConvertidorTemperatura.app/ConvertidorTemperatura";
			};
			name = Release;
		};
		2C35095F26CB3F3D00A32802 /* Debug */ = {
			isa = XCBuildConfiguration;
			buildSettings = {
				ALWAYS_EMBED_SWIFT_STANDARD_LIBRARIES = YES;
				CODE_SIGN_STYLE = Automatic;
				INFOPLIST_FILE = ConvertidorTemperaturaUITests/Info.plist;
				LD_RUNPATH_SEARCH_PATHS = (
					"$(inherited)",
					"@executable_path/Frameworks",
					"@loader_path/Frameworks",
				);
				PRODUCT_BUNDLE_IDENTIFIER = mx.tec.tc2007b.lab.ConvertidorTemperaturaUITests;
				PRODUCT_NAME = "$(TARGET_NAME)";
				SWIFT_VERSION = 5.0;
				TARGETED_DEVICE_FAMILY = "1,2";
				TEST_TARGET_NAME = ConvertidorTemperatura;
			};
			name = Debug;
		};
		2C35096026CB3F3D00A32802 /* Release */ = {
			isa = XCBuildConfiguration;
			buildSettings = {
				ALWAYS_EMBED_SWIFT_STANDARD_LIBRARIES = YES;
				CODE_SIGN_STYLE = Automatic;
				INFOPLIST_FILE = ConvertidorTemperaturaUITests/Info.plist;
				LD_RUNPATH_SEARCH_PATHS = (
					"$(inherited)",
					"@executable_path/Frameworks",
					"@loader_path/Frameworks",
				);
				PRODUCT_BUNDLE_IDENTIFIER = mx.tec.tc2007b.lab.ConvertidorTemperaturaUITests;
				PRODUCT_NAME = "$(TARGET_NAME)";
				SWIFT_VERSION = 5.0;
				TARGETED_DEVICE_FAMILY = "1,2";
				TEST_TARGET_NAME = ConvertidorTemperatura;
			};
			name = Release;
		};
/* End XCBuildConfiguration section */

/* Begin XCConfigurationList section */
		2C35092926CB3F3B00A32802 /* Build configuration list for PBXProject "ConvertidorTemperatura" */ = {
			isa = XCConfigurationList;
			buildConfigurations = (
				2C35095626CB3F3D00A32802 /* Debug */,
				2C35095726CB3F3D00A32802 /* Release */,
			);
			defaultConfigurationIsVisible = 0;
			defaultConfigurationName = Release;
		};
		2C35095826CB3F3D00A32802 /* Build configuration list for PBXNativeTarget "ConvertidorTemperatura" */ = {
			isa = XCConfigurationList;
			buildConfigurations = (
				2C35095926CB3F3D00A32802 /* Debug */,
				2C35095A26CB3F3D00A32802 /* Release */,
			);
			defaultConfigurationIsVisible = 0;
			defaultConfigurationName = Release;
		};
		2C35095B26CB3F3D00A32802 /* Build configuration list for PBXNativeTarget "ConvertidorTemperaturaTests" */ = {
			isa = XCConfigurationList;
			buildConfigurations = (
				2C35095C26CB3F3D00A32802 /* Debug */,
				2C35095D26CB3F3D00A32802 /* Release */,
			);
			defaultConfigurationIsVisible = 0;
			defaultConfigurationName = Release;
		};
		2C35095E26CB3F3D00A32802 /* Build configuration list for PBXNativeTarget "ConvertidorTemperaturaUITests" */ = {
			isa = XCConfigurationList;
			buildConfigurations = (
				2C35095F26CB3F3D00A32802 /* Debug */,
				2C35096026CB3F3D00A32802 /* Release */,
			);
			defaultConfigurationIsVisible = 0;
			defaultConfigurationName = Release;
		};
/* End XCConfigurationList section */
	};
	rootObject = 2C35092626CB3F3B00A32802 /* Project object */;
}
